
Microsoft Visual Studio Solution File, Format Version 11.00
# Visual Studio 2010
Project("{FAE04EC0-301F-11D3-BF4B-00C04F79EFBC}") = "AutoProg", "Assembly-CSharp.csproj", "{E392D7B1-2943-0B58-79C0-5148489E8B63}"
EndProject
Global
	GlobalSection(SolutionConfigurationPlatforms) = preSolution
		Debug|Any CPU = Debug|Any CPU
		Release|Any CPU = Release|Any CPU
	EndGlobalSection
	GlobalSection(ProjectConfigurationPlatforms) = postSolution
		{E392D7B1-2943-0B58-79C0-5148489E8B63}.Debug|Any CPU.ActiveCfg = Debug|Any CPU
		{E392D7B1-2943-0B58-79C0-5148489E8B63}.Debug|Any CPU.Build.0 = Debug|Any CPU
		{E392D7B1-2943-0B58-79C0-5148489E8B63}.Release|Any CPU.ActiveCfg = Release|Any CPU
		{E392D7B1-2943-0B58-79C0-5148489E8B63}.Release|Any CPU.Build.0 = Release|Any CPU
	EndGlobalSection
	GlobalSection(SolutionProperties) = preSolution
		HideSolutionNode = FALSE
	EndGlobalSection
	GlobalSection(MonoDevelopProperties) = preSolution
		StartupItem = Assembly-CSharp.csproj
	EndGlobalSection
EndGlobal
